// !$*UTF8*$!
{
	archiveVersion = 1;
	classes = {
	};
	objectVersion = 48;
	objects = {

/* Begin PBXBuildFile section */
		ED360B981FE4C0C10031F89F /* AppDelegate.swift in Sources */ = {isa = PBXBuildFile; fileRef = ED360B971FE4C0C10031F89F /* AppDelegate.swift */; };
		ED360BA21FE4C0C10031F89F /* Assets.xcassets in Resources */ = {isa = PBXBuildFile; fileRef = ED360BA11FE4C0C10031F89F /* Assets.xcassets */; };
		ED360BA51FE4C0C10031F89F /* LaunchScreen.storyboard in Resources */ = {isa = PBXBuildFile; fileRef = ED360BA31FE4C0C10031F89F /* LaunchScreen.storyboard */; };
		ED360BAF1FE4C3130031F89F /* ToDo.xcdatamodeld in Sources */ = {isa = PBXBuildFile; fileRef = ED360BAD1FE4C3130031F89F /* ToDo.xcdatamodeld */; };
		ED360BBC1FE4CB900031F89F /* ToDo+CoreDataClass.swift in Sources */ = {isa = PBXBuildFile; fileRef = ED360BB81FE4CB900031F89F /* ToDo+CoreDataClass.swift */; };
		ED360BBD1FE4CB900031F89F /* ToDo+CoreDataProperties.swift in Sources */ = {isa = PBXBuildFile; fileRef = ED360BB91FE4CB900031F89F /* ToDo+CoreDataProperties.swift */; };
		ED360BBE1FE4CB900031F89F /* Person+CoreDataClass.swift in Sources */ = {isa = PBXBuildFile; fileRef = ED360BBA1FE4CB900031F89F /* Person+CoreDataClass.swift */; };
		ED360BBF1FE4CB900031F89F /* Person+CoreDataProperties.swift in Sources */ = {isa = PBXBuildFile; fileRef = ED360BBB1FE4CB900031F89F /* Person+CoreDataProperties.swift */; };
		ED360BC31FE4D03D0031F89F /* ListTableViewController.swift in Sources */ = {isa = PBXBuildFile; fileRef = ED360BC11FE4D03D0031F89F /* ListTableViewController.swift */; };
		ED360BC41FE4D03D0031F89F /* ListTableViewController.xib in Resources */ = {isa = PBXBuildFile; fileRef = ED360BC21FE4D03D0031F89F /* ListTableViewController.xib */; };
		ED360BC71FE4FA120031F89F /* ToDoDelegate.swift in Sources */ = {isa = PBXBuildFile; fileRef = ED360BC61FE4FA120031F89F /* ToDoDelegate.swift */; };
		ED360BCA1FE4FB060031F89F /* PersonTableViewController.swift in Sources */ = {isa = PBXBuildFile; fileRef = ED360BC81FE4FB060031F89F /* PersonTableViewController.swift */; };
		ED360BCB1FE4FB060031F89F /* PersonTableViewController.xib in Resources */ = {isa = PBXBuildFile; fileRef = ED360BC91FE4FB060031F89F /* PersonTableViewController.xib */; };
		ED360BCE1FE502390031F89F /* AppViewController.swift in Sources */ = {isa = PBXBuildFile; fileRef = ED360BCC1FE502390031F89F /* AppViewController.swift */; };
		ED360BCF1FE502390031F89F /* AppViewController.xib in Resources */ = {isa = PBXBuildFile; fileRef = ED360BCD1FE502390031F89F /* AppViewController.xib */; };
		ED360BD21FE532880031F89F /* CoreDataStack.swift in Sources */ = {isa = PBXBuildFile; fileRef = ED360BD11FE532880031F89F /* CoreDataStack.swift */; };
		EDC3F49D1FF8FE1C007E5449 /* RxCocoa.framework in Frameworks */ = {isa = PBXBuildFile; fileRef = EDC3F4941FF8FDE0007E5449 /* RxCocoa.framework */; };
		EDC3F49E1FF8FE1C007E5449 /* RxCocoa.framework in Embed Frameworks */ = {isa = PBXBuildFile; fileRef = EDC3F4941FF8FDE0007E5449 /* RxCocoa.framework */; settings = {ATTRIBUTES = (CodeSignOnCopy, RemoveHeadersOnCopy, ); }; };
		EDC3F49F1FF8FE1C007E5449 /* RxSwift.framework in Frameworks */ = {isa = PBXBuildFile; fileRef = EDC3F4951FF8FDE0007E5449 /* RxSwift.framework */; };
		EDC3F4A01FF8FE1C007E5449 /* RxSwift.framework in Embed Frameworks */ = {isa = PBXBuildFile; fileRef = EDC3F4951FF8FDE0007E5449 /* RxSwift.framework */; settings = {ATTRIBUTES = (CodeSignOnCopy, RemoveHeadersOnCopy, ); }; };
/* End PBXBuildFile section */

/* Begin PBXCopyFilesBuildPhase section */
		EDC3F49C1FF8FDF4007E5449 /* Embed Frameworks */ = {
			isa = PBXCopyFilesBuildPhase;
			buildActionMask = 2147483647;
			dstPath = "";
			dstSubfolderSpec = 10;
			files = (
				EDC3F4A01FF8FE1C007E5449 /* RxSwift.framework in Embed Frameworks */,
				EDC3F49E1FF8FE1C007E5449 /* RxCocoa.framework in Embed Frameworks */,
			);
			name = "Embed Frameworks";
			runOnlyForDeploymentPostprocessing = 0;
		};
/* End PBXCopyFilesBuildPhase section */

/* Begin PBXFileReference section */
		ED360B941FE4C0C10031F89F /* ToDo.app */ = {isa = PBXFileReference; explicitFileType = wrapper.application; includeInIndex = 0; path = ToDo.app; sourceTree = BUILT_PRODUCTS_DIR; };
		ED360B971FE4C0C10031F89F /* AppDelegate.swift */ = {isa = PBXFileReference; lastKnownFileType = sourcecode.swift; path = AppDelegate.swift; sourceTree = "<group>"; };
		ED360BA11FE4C0C10031F89F /* Assets.xcassets */ = {isa = PBXFileReference; lastKnownFileType = folder.assetcatalog; path = Assets.xcassets; sourceTree = "<group>"; };
		ED360BA41FE4C0C10031F89F /* Base */ = {isa = PBXFileReference; lastKnownFileType = file.storyboard; name = Base; path = Base.lproj/LaunchScreen.storyboard; sourceTree = "<group>"; };
		ED360BA61FE4C0C10031F89F /* Info.plist */ = {isa = PBXFileReference; lastKnownFileType = text.plist.xml; path = Info.plist; sourceTree = "<group>"; };
		ED360BAE1FE4C3130031F89F /* ToDo.xcdatamodel */ = {isa = PBXFileReference; lastKnownFileType = wrapper.xcdatamodel; path = ToDo.xcdatamodel; sourceTree = "<group>"; };
		ED360BB81FE4CB900031F89F /* ToDo+CoreDataClass.swift */ = {isa = PBXFileReference; lastKnownFileType = sourcecode.swift; path = "ToDo+CoreDataClass.swift"; sourceTree = "<group>"; };
		ED360BB91FE4CB900031F89F /* ToDo+CoreDataProperties.swift */ = {isa = PBXFileReference; lastKnownFileType = sourcecode.swift; path = "ToDo+CoreDataProperties.swift"; sourceTree = "<group>"; };
		ED360BBA1FE4CB900031F89F /* Person+CoreDataClass.swift */ = {isa = PBXFileReference; lastKnownFileType = sourcecode.swift; path = "Person+CoreDataClass.swift"; sourceTree = "<group>"; };
		ED360BBB1FE4CB900031F89F /* Person+CoreDataProperties.swift */ = {isa = PBXFileReference; lastKnownFileType = sourcecode.swift; path = "Person+CoreDataProperties.swift"; sourceTree = "<group>"; };
		ED360BC11FE4D03D0031F89F /* ListTableViewController.swift */ = {isa = PBXFileReference; lastKnownFileType = sourcecode.swift; path = ListTableViewController.swift; sourceTree = "<group>"; };
		ED360BC21FE4D03D0031F89F /* ListTableViewController.xib */ = {isa = PBXFileReference; lastKnownFileType = file.xib; path = ListTableViewController.xib; sourceTree = "<group>"; };
		ED360BC61FE4FA120031F89F /* ToDoDelegate.swift */ = {isa = PBXFileReference; lastKnownFileType = sourcecode.swift; path = ToDoDelegate.swift; sourceTree = "<group>"; };
		ED360BC81FE4FB060031F89F /* PersonTableViewController.swift */ = {isa = PBXFileReference; lastKnownFileType = sourcecode.swift; path = PersonTableViewController.swift; sourceTree = "<group>"; };
		ED360BC91FE4FB060031F89F /* PersonTableViewController.xib */ = {isa = PBXFileReference; lastKnownFileType = file.xib; path = PersonTableViewController.xib; sourceTree = "<group>"; };
		ED360BCC1FE502390031F89F /* AppViewController.swift */ = {isa = PBXFileReference; lastKnownFileType = sourcecode.swift; path = AppViewController.swift; sourceTree = "<group>"; };
		ED360BCD1FE502390031F89F /* AppViewController.xib */ = {isa = PBXFileReference; lastKnownFileType = file.xib; path = AppViewController.xib; sourceTree = "<group>"; };
		ED360BD11FE532880031F89F /* CoreDataStack.swift */ = {isa = PBXFileReference; lastKnownFileType = sourcecode.swift; path = CoreDataStack.swift; sourceTree = "<group>"; };
		EDC3F4941FF8FDE0007E5449 /* RxCocoa.framework */ = {isa = PBXFileReference; lastKnownFileType = wrapper.framework; name = RxCocoa.framework; path = Carthage/Build/iOS/RxCocoa.framework; sourceTree = "<group>"; };
		EDC3F4951FF8FDE0007E5449 /* RxSwift.framework */ = {isa = PBXFileReference; lastKnownFileType = wrapper.framework; name = RxSwift.framework; path = Carthage/Build/iOS/RxSwift.framework; sourceTree = "<group>"; };
/* End PBXFileReference section */

/* Begin PBXFrameworksBuildPhase section */
		ED360B911FE4C0C10031F89F /* Frameworks */ = {
			isa = PBXFrameworksBuildPhase;
			buildActionMask = 2147483647;
			files = (
				EDC3F49F1FF8FE1C007E5449 /* RxSwift.framework in Frameworks */,
				EDC3F49D1FF8FE1C007E5449 /* RxCocoa.framework in Frameworks */,
			);
			runOnlyForDeploymentPostprocessing = 0;
		};
/* End PBXFrameworksBuildPhase section */

/* Begin PBXGroup section */
		ED360B8B1FE4C0C10031F89F = {
			isa = PBXGroup;
			children = (
				ED360B961FE4C0C10031F89F /* ToDo */,
				ED360B951FE4C0C10031F89F /* Products */,
				EDC3F4931FF8FDE0007E5449 /* Frameworks */,
			);
			sourceTree = "<group>";
		};
		ED360B951FE4C0C10031F89F /* Products */ = {
			isa = PBXGroup;
			children = (
				ED360B941FE4C0C10031F89F /* ToDo.app */,
			);
			name = Products;
			sourceTree = "<group>";
		};
		ED360B961FE4C0C10031F89F /* ToDo */ = {
			isa = PBXGroup;
			children = (
				ED360BAC1FE4C3130031F89F /* CoreData */,
				ED360BC01FE4D00E0031F89F /* ViewController */,
				ED360B971FE4C0C10031F89F /* AppDelegate.swift */,
				ED360BA11FE4C0C10031F89F /* Assets.xcassets */,
				ED360BA31FE4C0C10031F89F /* LaunchScreen.storyboard */,
				ED360BA61FE4C0C10031F89F /* Info.plist */,
			);
			path = ToDo;
			sourceTree = "<group>";
		};
		ED360BAC1FE4C3130031F89F /* CoreData */ = {
			isa = PBXGroup;
			children = (
				ED360BD01FE5327B0031F89F /* Utils */,
				ED360BB81FE4CB900031F89F /* ToDo+CoreDataClass.swift */,
				ED360BB91FE4CB900031F89F /* ToDo+CoreDataProperties.swift */,
				ED360BBA1FE4CB900031F89F /* Person+CoreDataClass.swift */,
				ED360BBB1FE4CB900031F89F /* Person+CoreDataProperties.swift */,
				ED360BAD1FE4C3130031F89F /* ToDo.xcdatamodeld */,
			);
			path = CoreData;
			sourceTree = "<group>";
		};
		ED360BC01FE4D00E0031F89F /* ViewController */ = {
			isa = PBXGroup;
			children = (
				ED360BC51FE4F9F90031F89F /* Delegate */,
				ED360BC11FE4D03D0031F89F /* ListTableViewController.swift */,
				ED360BC21FE4D03D0031F89F /* ListTableViewController.xib */,
				ED360BC81FE4FB060031F89F /* PersonTableViewController.swift */,
				ED360BC91FE4FB060031F89F /* PersonTableViewController.xib */,
				ED360BCC1FE502390031F89F /* AppViewController.swift */,
				ED360BCD1FE502390031F89F /* AppViewController.xib */,
			);
			path = ViewController;
			sourceTree = "<group>";
		};
		ED360BC51FE4F9F90031F89F /* Delegate */ = {
			isa = PBXGroup;
			children = (
				ED360BC61FE4FA120031F89F /* ToDoDelegate.swift */,
			);
			path = Delegate;
			sourceTree = "<group>";
		};
		ED360BD01FE5327B0031F89F /* Utils */ = {
			isa = PBXGroup;
			children = (
				ED360BD11FE532880031F89F /* CoreDataStack.swift */,
			);
			path = Utils;
			sourceTree = "<group>";
		};
		EDC3F4931FF8FDE0007E5449 /* Frameworks */ = {
			isa = PBXGroup;
			children = (
				EDC3F4941FF8FDE0007E5449 /* RxCocoa.framework */,
				EDC3F4951FF8FDE0007E5449 /* RxSwift.framework */,
			);
			name = Frameworks;
			sourceTree = "<group>";
		};
/* End PBXGroup section */

/* Begin PBXNativeTarget section */
		ED360B931FE4C0C10031F89F /* ToDo */ = {
			isa = PBXNativeTarget;
			buildConfigurationList = ED360BA91FE4C0C10031F89F /* Build configuration list for PBXNativeTarget "ToDo" */;
			buildPhases = (
				ED360B901FE4C0C10031F89F /* Sources */,
				ED360B911FE4C0C10031F89F /* Frameworks */,
				ED360B921FE4C0C10031F89F /* Resources */,
				EDC3F49C1FF8FDF4007E5449 /* Embed Frameworks */,
			);
			buildRules = (
			);
			dependencies = (
			);
			name = ToDo;
			productName = ToDo;
			productReference = ED360B941FE4C0C10031F89F /* ToDo.app */;
			productType = "com.apple.product-type.application";
		};
/* End PBXNativeTarget section */

/* Begin PBXProject section */
		ED360B8C1FE4C0C10031F89F /* Project object */ = {
			isa = PBXProject;
			attributes = {
				LastSwiftUpdateCheck = 0920;
				LastUpgradeCheck = 0920;
				ORGANIZATIONNAME = alfian0;
				TargetAttributes = {
					ED360B931FE4C0C10031F89F = {
						CreatedOnToolsVersion = 9.2;
						ProvisioningStyle = Automatic;
					};
				};
			};
			buildConfigurationList = ED360B8F1FE4C0C10031F89F /* Build configuration list for PBXProject "ToDo" */;
			compatibilityVersion = "Xcode 8.0";
			developmentRegion = en;
			hasScannedForEncodings = 0;
			knownRegions = (
				en,
				Base,
			);
			mainGroup = ED360B8B1FE4C0C10031F89F;
			productRefGroup = ED360B951FE4C0C10031F89F /* Products */;
			projectDirPath = "";
			projectRoot = "";
			targets = (
				ED360B931FE4C0C10031F89F /* ToDo */,
			);
		};
/* End PBXProject section */

/* Begin PBXResourcesBuildPhase section */
		ED360B921FE4C0C10031F89F /* Resources */ = {
			isa = PBXResourcesBuildPhase;
			buildActionMask = 2147483647;
			files = (
				ED360BCF1FE502390031F89F /* AppViewController.xib in Resources */,
				ED360BCB1FE4FB060031F89F /* PersonTableViewController.xib in Resources */,
				ED360BA51FE4C0C10031F89F /* LaunchScreen.storyboard in Resources */,
				ED360BA21FE4C0C10031F89F /* Assets.xcassets in Resources */,
				ED360BC41FE4D03D0031F89F /* ListTableViewController.xib in Resources */,
			);
			runOnlyForDeploymentPostprocessing = 0;
		};
/* End PBXResourcesBuildPhase section */

/* Begin PBXSourcesBuildPhase section */
		ED360B901FE4C0C10031F89F /* Sources */ = {
			isa = PBXSourcesBuildPhase;
			buildActionMask = 2147483647;
			files = (
				ED360BCE1FE502390031F89F /* AppViewController.swift in Sources */,
				ED360BBF1FE4CB900031F89F /* Person+CoreDataProperties.swift in Sources */,
				ED360BBC1FE4CB900031F89F /* ToDo+CoreDataClass.swift in Sources */,
				ED360BBE1FE4CB900031F89F /* Person+CoreDataClass.swift in Sources */,
				ED360BAF1FE4C3130031F89F /* ToDo.xcdatamodeld in Sources */,
				ED360BBD1FE4CB900031F89F /* ToDo+CoreDataProperties.swift in Sources */,
				ED360BD21FE532880031F89F /* CoreDataStack.swift in Sources */,
				ED360B981FE4C0C10031F89F /* AppDelegate.swift in Sources */,
				ED360BC71FE4FA120031F89F /* ToDoDelegate.swift in Sources */,
				ED360BC31FE4D03D0031F89F /* ListTableViewController.swift in Sources */,
				ED360BCA1FE4FB060031F89F /* PersonTableViewController.swift in Sources */,
			);
			runOnlyForDeploymentPostprocessing = 0;
		};
/* End PBXSourcesBuildPhase section */

/* Begin PBXVariantGroup section */
		ED360BA31FE4C0C10031F89F /* LaunchScreen.storyboard */ = {
			isa = PBXVariantGroup;
			children = (
				ED360BA41FE4C0C10031F89F /* Base */,
			);
			name = LaunchScreen.storyboard;
			sourceTree = "<group>";
		};
/* End PBXVariantGroup section */

/* Begin XCBuildConfiguration section */
		ED360BA71FE4C0C10031F89F /* Debug */ = {
			isa = XCBuildConfiguration;
			buildSettings = {
				ALWAYS_SEARCH_USER_PATHS = NO;
				CLANG_ANALYZER_NONNULL = YES;
				CLANG_ANALYZER_NUMBER_OBJECT_CONVERSION = YES_AGGRESSIVE;
				CLANG_CXX_LANGUAGE_STANDARD = "gnu++14";
				CLANG_CXX_LIBRARY = "libc++";
				CLANG_ENABLE_MODULES = YES;
				CLANG_ENABLE_OBJC_ARC = YES;
				CLANG_WARN_BLOCK_CAPTURE_AUTORELEASING = YES;
				CLANG_WARN_BOOL_CONVERSION = YES;
				CLANG_WARN_COMMA = YES;
				CLANG_WARN_CONSTANT_CONVERSION = YES;
				CLANG_WARN_DIRECT_OBJC_ISA_USAGE = YES_ERROR;
				CLANG_WARN_DOCUMENTATION_COMMENTS = YES;
				CLANG_WARN_EMPTY_BODY = YES;
				CLANG_WARN_ENUM_CONVERSION = YES;
				CLANG_WARN_INFINITE_RECURSION = YES;
				CLANG_WARN_INT_CONVERSION = YES;
				CLANG_WARN_NON_LITERAL_NULL_CONVERSION = YES;
				CLANG_WARN_OBJC_LITERAL_CONVERSION = YES;
				CLANG_WARN_OBJC_ROOT_CLASS = YES_ERROR;
				CLANG_WARN_RANGE_LOOP_ANALYSIS = YES;
				CLANG_WARN_STRICT_PROTOTYPES = YES;
				CLANG_WARN_SUSPICIOUS_MOVE = YES;
				CLANG_WARN_UNGUARDED_AVAILABILITY = YES_AGGRESSIVE;
				CLANG_WARN_UNREACHABLE_CODE = YES;
				CLANG_WARN__DUPLICATE_METHOD_MATCH = YES;
				CODE_SIGN_IDENTITY = "iPhone Developer";
				COPY_PHASE_STRIP = NO;
				DEBUG_INFORMATION_FORMAT = dwarf;
				ENABLE_STRICT_OBJC_MSGSEND = YES;
				ENABLE_TESTABILITY = YES;
				GCC_C_LANGUAGE_STANDARD = gnu11;
				GCC_DYNAMIC_NO_PIC = NO;
				GCC_NO_COMMON_BLOCKS = YES;
				GCC_OPTIMIZATION_LEVEL = 0;
				GCC_PREPROCESSOR_DEFINITIONS = (
					"DEBUG=1",
					"$(inherited)",
				);
				GCC_WARN_64_TO_32_BIT_CONVERSION = YES;
				GCC_WARN_ABOUT_RETURN_TYPE = YES_ERROR;
				GCC_WARN_UNDECLARED_SELECTOR = YES;
				GCC_WARN_UNINITIALIZED_AUTOS = YES_AGGRESSIVE;
				GCC_WARN_UNUSED_FUNCTION = YES;
				GCC_WARN_UNUSED_VARIABLE = YES;
				IPHONEOS_DEPLOYMENT_TARGET = 11.2;
				MTL_ENABLE_DEBUG_INFO = YES;
				ONLY_ACTIVE_ARCH = YES;
				SDKROOT = iphoneos;
				SWIFT_ACTIVE_COMPILATION_CONDITIONS = DEBUG;
				SWIFT_OPTIMIZATION_LEVEL = "-Onone";
			};
			name = Debug;
		};
		ED360BA81FE4C0C10031F89F /* Release */ = {
			isa = XCBuildConfiguration;
			buildSettings = {
				ALWAYS_SEARCH_USER_PATHS = NO;
				CLANG_ANALYZER_NONNULL = YES;
				CLANG_ANALYZER_NUMBER_OBJECT_CONVERSION = YES_AGGRESSIVE;
				CLANG_CXX_LANGUAGE_STANDARD = "gnu++14";
				CLANG_CXX_LIBRARY = "libc++";
				CLANG_ENABLE_MODULES = YES;
				CLANG_ENABLE_OBJC_ARC = YES;
				CLANG_WARN_BLOCK_CAPTURE_AUTORELEASING = YES;
				CLANG_WARN_BOOL_CONVERSION = YES;
				CLANG_WARN_COMMA = YES;
				CLANG_WARN_CONSTANT_CONVERSION = YES;
				CLANG_WARN_DIRECT_OBJC_ISA_USAGE = YES_ERROR;
				CLANG_WARN_DOCUMENTATION_COMMENTS = YES;
				CLANG_WARN_EMPTY_BODY = YES;
				CLANG_WARN_ENUM_CONVERSION = YES;
				CLANG_WARN_INFINITE_RECURSION = YES;
				CLANG_WARN_INT_CONVERSION = YES;
				CLANG_WARN_NON_LITERAL_NULL_CONVERSION = YES;
				CLANG_WARN_OBJC_LITERAL_CONVERSION = YES;
				CLANG_WARN_OBJC_ROOT_CLASS = YES_ERROR;
				CLANG_WARN_RANGE_LOOP_ANALYSIS = YES;
				CLANG_WARN_STRICT_PROTOTYPES = YES;
				CLANG_WARN_SUSPICIOUS_MOVE = YES;
				CLANG_WARN_UNGUARDED_AVAILABILITY = YES_AGGRESSIVE;
				CLANG_WARN_UNREACHABLE_CODE = YES;
				CLANG_WARN__DUPLICATE_METHOD_MATCH = YES;
				CODE_SIGN_IDENTITY = "iPhone Developer";
				COPY_PHASE_STRIP = NO;
				DEBUG_INFORMATION_FORMAT = "dwarf-with-dsym";
				ENABLE_NS_ASSERTIONS = NO;
				ENABLE_STRICT_OBJC_MSGSEND = YES;
				GCC_C_LANGUAGE_STANDARD = gnu11;
				GCC_NO_COMMON_BLOCKS = YES;
				GCC_WARN_64_TO_32_BIT_CONVERSION = YES;
				GCC_WARN_ABOUT_RETURN_TYPE = YES_ERROR;
				GCC_WARN_UNDECLARED_SELECTOR = YES;
				GCC_WARN_UNINITIALIZED_AUTOS = YES_AGGRESSIVE;
				GCC_WARN_UNUSED_FUNCTION = YES;
				GCC_WARN_UNUSED_VARIABLE = YES;
				IPHONEOS_DEPLOYMENT_TARGET = 11.2;
				MTL_ENABLE_DEBUG_INFO = NO;
				SDKROOT = iphoneos;
				SWIFT_OPTIMIZATION_LEVEL = "-Owholemodule";
				VALIDATE_PRODUCT = YES;
			};
			name = Release;
		};
		ED360BAA1FE4C0C10031F89F /* Debug */ = {
			isa = XCBuildConfiguration;
			buildSettings = {
				ASSETCATALOG_COMPILER_APPICON_NAME = AppIcon;
				CODE_SIGN_STYLE = Automatic;
				DEVELOPMENT_TEAM = 9GE8EQEDQB;
				FRAMEWORK_SEARCH_PATHS = (
					"$(inherited)",
					"$(PROJECT_DIR)/Carthage/Build/iOS",
				);
				INFOPLIST_FILE = ToDo/Info.plist;
				LD_RUNPATH_SEARCH_PATHS = "$(inherited) @executable_path/Frameworks";
				PRODUCT_BUNDLE_IDENTIFIER = id.alfian.ToDo;
				PRODUCT_NAME = "$(TARGET_NAME)";
				SWIFT_VERSION = 4.0;
				TARGETED_DEVICE_FAMILY = "1,2";
			};
			name = Debug;
		};
		ED360BAB1FE4C0C10031F89F /* Release */ = {
			isa = XCBuildConfiguration;
			buildSettings = {
				ASSETCATALOG_COMPILER_APPICON_NAME = AppIcon;
				CODE_SIGN_STYLE = Automatic;
				DEVELOPMENT_TEAM = 9GE8EQEDQB;
				FRAMEWORK_SEARCH_PATHS = (
					"$(inherited)",
					"$(PROJECT_DIR)/Carthage/Build/iOS",
				);
				INFOPLIST_FILE = ToDo/Info.plist;
				LD_RUNPATH_SEARCH_PATHS = "$(inherited) @executable_path/Frameworks";
				PRODUCT_BUNDLE_IDENTIFIER = id.alfian.ToDo;
				PRODUCT_NAME = "$(TARGET_NAME)";
				SWIFT_VERSION = 4.0;
				TARGETED_DEVICE_FAMILY = "1,2";
			};
			name = Release;
		};
/* End XCBuildConfiguration section */

/* Begin XCConfigurationList section */
		ED360B8F1FE4C0C10031F89F /* Build configuration list for PBXProject "ToDo" */ = {
			isa = XCConfigurationList;
			buildConfigurations = (
				ED360BA71FE4C0C10031F89F /* Debug */,
				ED360BA81FE4C0C10031F89F /* Release */,
			);
			defaultConfigurationIsVisible = 0;
			defaultConfigurationName = Release;
		};
		ED360BA91FE4C0C10031F89F /* Build configuration list for PBXNativeTarget "ToDo" */ = {
			isa = XCConfigurationList;
			buildConfigurations = (
				ED360BAA1FE4C0C10031F89F /* Debug */,
				ED360BAB1FE4C0C10031F89F /* Release */,
			);
			defaultConfigurationIsVisible = 0;
			defaultConfigurationName = Release;
		};
/* End XCConfigurationList section */

/* Begin XCVersionGroup section */
		ED360BAD1FE4C3130031F89F /* ToDo.xcdatamodeld */ = {
			isa = XCVersionGroup;
			children = (
				ED360BAE1FE4C3130031F89F /* ToDo.xcdatamodel */,
			);
			currentVersion = ED360BAE1FE4C3130031F89F /* ToDo.xcdatamodel */;
			path = ToDo.xcdatamodeld;
			sourceTree = "<group>";
			versionGroupType = wrapper.xcdatamodel;
		};
/* End XCVersionGroup section */
	};
	rootObject = ED360B8C1FE4C0C10031F89F /* Project object */;
}
